
Microsoft Visual Studio Solution File, Format Version 12.00
# Visual Studio Version 16
VisualStudioVersion = 16.0.33328.57
MinimumVisualStudioVersion = 10.0.40219.1
Project("{9A19103F-16F7-4668-BE54-9A1E7A4F7556}") = "BlogProject", "BlogProject.csproj", "{841E567D-8F18-4760-B896-49F972298019}"
EndProject
Project("{9A19103F-16F7-4668-BE54-9A1E7A4F7556}") = "BlogAdmin", "..\BlogAdmin\BlogAdmin.csproj", "{64FC6520-F8FD-4DB6-9625-C846F72B2247}"
EndProject
Global
	GlobalSection(SolutionConfigurationPlatforms) = preSolution
		Debug|Any CPU = Debug|Any CPU
		Release|Any CPU = Release|Any CPU
	EndGlobalSection
	GlobalSection(ProjectConfigurationPlatforms) = postSolution
		{841E567D-8F18-4760-B896-49F972298019}.Debug|Any CPU.ActiveCfg = Debug|Any CPU
		{841E567D-8F18-4760-B896-49F972298019}.Debug|Any CPU.Build.0 = Debug|Any CPU
		{841E567D-8F18-4760-B896-49F972298019}.Release|Any CPU.ActiveCfg = Release|Any CPU
		{841E567D-8F18-4760-B896-49F972298019}.Release|Any CPU.Build.0 = Release|Any CPU
		{64FC6520-F8FD-4DB6-9625-C846F72B2247}.Debug|Any CPU.ActiveCfg = Debug|Any CPU
		{64FC6520-F8FD-4DB6-9625-C846F72B2247}.Debug|Any CPU.Build.0 = Debug|Any CPU
		{64FC6520-F8FD-4DB6-9625-C846F72B2247}.Release|Any CPU.ActiveCfg = Release|Any CPU
		{64FC6520-F8FD-4DB6-9625-C846F72B2247}.Release|Any CPU.Build.0 = Release|Any CPU
	EndGlobalSection
	GlobalSection(SolutionProperties) = preSolution
		HideSolutionNode = FALSE
	EndGlobalSection
	GlobalSection(ExtensibilityGlobals) = postSolution
		SolutionGuid = {E68A2EC7-AD03-434A-BEC1-B2EF235A08E1}
	EndGlobalSection
EndGlobal
